
Microsoft Visual Studio Solution File, Format Version 12.00
# Visual Studio Version 17
VisualStudioVersion = 17.5.002.0
MinimumVisualStudioVersion = 10.0.40219.1
Project("{9A19103F-16F7-4668-BE54-9A1E7A4F7556}") = "program016-nsd-a-nsn", "program016-nsd-a-nsn.csproj", "{FFF48BBA-59A9-4B10-82DB-591DA62751CF}"
EndProject
Global
	GlobalSection(SolutionConfigurationPlatforms) = preSolution
		Debug|Any CPU = Debug|Any CPU
		Release|Any CPU = Release|Any CPU
	EndGlobalSection
	GlobalSection(ProjectConfigurationPlatforms) = postSolution
		{FFF48BBA-59A9-4B10-82DB-591DA62751CF}.Debug|Any CPU.ActiveCfg = Debug|Any CPU
		{FFF48BBA-59A9-4B10-82DB-591DA62751CF}.Debug|Any CPU.Build.0 = Debug|Any CPU
		{FFF48BBA-59A9-4B10-82DB-591DA62751CF}.Release|Any CPU.ActiveCfg = Release|Any CPU
		{FFF48BBA-59A9-4B10-82DB-591DA62751CF}.Release|Any CPU.Build.0 = Release|Any CPU
	EndGlobalSection
	GlobalSection(SolutionProperties) = preSolution
		HideSolutionNode = FALSE
	EndGlobalSection
	GlobalSection(ExtensibilityGlobals) = postSolution
		SolutionGuid = {A71D5C8C-02B8-4FB3-AFFE-4421B58CBC8B}
	EndGlobalSection
EndGlobal
