
Microsoft Visual Studio Solution File, Format Version 12.00
# Visual Studio Version 17
VisualStudioVersion = 17.5.002.0
MinimumVisualStudioVersion = 10.0.40219.1
Project("{9A19103F-16F7-4668-BE54-9A1E7A4F7556}") = "program003b-rovnoramenny-trojuhelnik", "program003b-rovnoramenny-trojuhelnik.csproj", "{3E9B38D6-6658-4A1B-8DFF-18D98EAC628C}"
EndProject
Global
	GlobalSection(SolutionConfigurationPlatforms) = preSolution
		Debug|Any CPU = Debug|Any CPU
		Release|Any CPU = Release|Any CPU
	EndGlobalSection
	GlobalSection(ProjectConfigurationPlatforms) = postSolution
		{3E9B38D6-6658-4A1B-8DFF-18D98EAC628C}.Debug|Any CPU.ActiveCfg = Debug|Any CPU
		{3E9B38D6-6658-4A1B-8DFF-18D98EAC628C}.Debug|Any CPU.Build.0 = Debug|Any CPU
		{3E9B38D6-6658-4A1B-8DFF-18D98EAC628C}.Release|Any CPU.ActiveCfg = Release|Any CPU
		{3E9B38D6-6658-4A1B-8DFF-18D98EAC628C}.Release|Any CPU.Build.0 = Release|Any CPU
	EndGlobalSection
	GlobalSection(SolutionProperties) = preSolution
		HideSolutionNode = FALSE
	EndGlobalSection
	GlobalSection(ExtensibilityGlobals) = postSolution
		SolutionGuid = {BB4AA45C-CAC7-46ED-9870-29086570760F}
	EndGlobalSection
EndGlobal
